// !$*UTF8*$!
{
	archiveVersion = 1;
	classes = {
	};
	objectVersion = 46;
	objects = {

/* Begin PBXBuildFile section */
		0C0D5ECF75A6FA7AC5F87A3F /* Pods_PropertyAnalyze_comTests.framework in Frameworks */ = {isa = PBXBuildFile; fileRef = 374E7F1478574E13F92C2B84 /* Pods_PropertyAnalyze_comTests.framework */; };
		353647AF20357BC200040FE3 /* LaunchScreen.storyboard in Resources */ = {isa = PBXBuildFile; fileRef = 353647AE20357BC200040FE3 /* LaunchScreen.storyboard */; };
		3544040420356F1100B2F1B5 /* Assets.xcassets in Resources */ = {isa = PBXBuildFile; fileRef = 354403E320356F0C00B2F1B5 /* Assets.xcassets */; };
		3544040520356F1100B2F1B5 /* AddPropertyViewController.xib in Resources */ = {isa = PBXBuildFile; fileRef = 354403E420356F0C00B2F1B5 /* AddPropertyViewController.xib */; };
		3544040620356F1100B2F1B5 /* Default-568h@2x.png in Resources */ = {isa = PBXBuildFile; fileRef = 354403E520356F0D00B2F1B5 /* Default-568h@2x.png */; };
		3544040720356F1100B2F1B5 /* Base.lproj in Resources */ = {isa = PBXBuildFile; fileRef = 354403E620356F0D00B2F1B5 /* Base.lproj */; };
		3544040820356F1100B2F1B5 /* ResetPasswordViewController.swift in Sources */ = {isa = PBXBuildFile; fileRef = 354403E720356F0D00B2F1B5 /* ResetPasswordViewController.swift */; };
		3544040920356F1100B2F1B5 /* AddPropertyViewController.swift in Sources */ = {isa = PBXBuildFile; fileRef = 354403E820356F0D00B2F1B5 /* AddPropertyViewController.swift */; };
		3544040A20356F1100B2F1B5 /* HomeViewController.swift in Sources */ = {isa = PBXBuildFile; fileRef = 354403E920356F0D00B2F1B5 /* HomeViewController.swift */; };
		3544040B20356F1100B2F1B5 /* RightViewController.swift in Sources */ = {isa = PBXBuildFile; fileRef = 354403EA20356F0D00B2F1B5 /* RightViewController.swift */; };
		3544040C20356F1100B2F1B5 /* JavaViewController.swift in Sources */ = {isa = PBXBuildFile; fileRef = 354403EB20356F0D00B2F1B5 /* JavaViewController.swift */; };
		3544040D20356F1100B2F1B5 /* SlideMenuController.swift in Sources */ = {isa = PBXBuildFile; fileRef = 354403EC20356F0E00B2F1B5 /* SlideMenuController.swift */; };
		3544040F20356F1100B2F1B5 /* String.swift in Sources */ = {isa = PBXBuildFile; fileRef = 354403EE20356F0E00B2F1B5 /* String.swift */; };
		3544041020356F1100B2F1B5 /* LoginViewController.swift in Sources */ = {isa = PBXBuildFile; fileRef = 354403EF20356F0E00B2F1B5 /* LoginViewController.swift */; };
		3544041120356F1100B2F1B5 /* ViewController.swift in Sources */ = {isa = PBXBuildFile; fileRef = 354403F020356F0E00B2F1B5 /* ViewController.swift */; };
		3544041220356F1100B2F1B5 /* MainViewController.swift in Sources */ = {isa = PBXBuildFile; fileRef = 354403F120356F0E00B2F1B5 /* MainViewController.swift */; };
		3544041320356F1100B2F1B5 /* SubContentsViewController.storyboard in Resources */ = {isa = PBXBuildFile; fileRef = 354403F220356F0E00B2F1B5 /* SubContentsViewController.storyboard */; };
		3544041420356F1100B2F1B5 /* SwiftViewController.swift in Sources */ = {isa = PBXBuildFile; fileRef = 354403F320356F0F00B2F1B5 /* SwiftViewController.swift */; };
		3544041620356F1100B2F1B5 /* Podfile in Resources */ = {isa = PBXBuildFile; fileRef = 354403F520356F0F00B2F1B5 /* Podfile */; };
		3544041720356F1100B2F1B5 /* ExSlideMenuController.swift in Sources */ = {isa = PBXBuildFile; fileRef = 354403F620356F0F00B2F1B5 /* ExSlideMenuController.swift */; };
		3544041820356F1100B2F1B5 /* BaseTableViewCell.swift in Sources */ = {isa = PBXBuildFile; fileRef = 354403F720356F0F00B2F1B5 /* BaseTableViewCell.swift */; };
		3544041A20356F1100B2F1B5 /* Pods in Resources */ = {isa = PBXBuildFile; fileRef = 354403F920356F0F00B2F1B5 /* Pods */; };
		3544041B20356F1100B2F1B5 /* LeftViewController.swift in Sources */ = {isa = PBXBuildFile; fileRef = 354403FA20356F1000B2F1B5 /* LeftViewController.swift */; };
		3544041C20356F1100B2F1B5 /* SignUpViewController.swift in Sources */ = {isa = PBXBuildFile; fileRef = 354403FB20356F1000B2F1B5 /* SignUpViewController.swift */; };
		3544041D20356F1100B2F1B5 /* NonMenuController.swift in Sources */ = {isa = PBXBuildFile; fileRef = 354403FC20356F1000B2F1B5 /* NonMenuController.swift */; };
		3544041E20356F1100B2F1B5 /* AppDelegate.swift in Sources */ = {isa = PBXBuildFile; fileRef = 354403FD20356F1000B2F1B5 /* AppDelegate.swift */; };
		3544041F20356F1100B2F1B5 /* GoViewController.swift in Sources */ = {isa = PBXBuildFile; fileRef = 354403FE20356F1000B2F1B5 /* GoViewController.swift */; };
		3544042120356F1100B2F1B5 /* Main.storyboard in Resources */ = {isa = PBXBuildFile; fileRef = 3544040020356F1100B2F1B5 /* Main.storyboard */; };
		3544042220356F1100B2F1B5 /* GoogleService-Info.plist in Resources */ = {isa = PBXBuildFile; fileRef = 3544040120356F1100B2F1B5 /* GoogleService-Info.plist */; };
		3544042320356F1100B2F1B5 /* SubContentsViewController.swift in Sources */ = {isa = PBXBuildFile; fileRef = 3544040220356F1100B2F1B5 /* SubContentsViewController.swift */; };
		3544042420356F1100B2F1B5 /* Podfile.lock in Resources */ = {isa = PBXBuildFile; fileRef = 3544040320356F1100B2F1B5 /* Podfile.lock */; };
		3564C4F12042955700D885A6 /* AddPropertyViewController.swift in Sources */ = {isa = PBXBuildFile; fileRef = 354403E820356F0D00B2F1B5 /* AddPropertyViewController.swift */; };
		3564C4F92042976D00D885A6 /* DataTableViewCell.swift in Sources */ = {isa = PBXBuildFile; fileRef = 3564C4F52042976C00D885A6 /* DataTableViewCell.swift */; };
		3564C4FA2042976D00D885A6 /* ImageHeaderView.xib in Resources */ = {isa = PBXBuildFile; fileRef = 3564C4F62042976D00D885A6 /* ImageHeaderView.xib */; };
		3564C4FB2042976D00D885A6 /* DataTableViewCell.xib in Resources */ = {isa = PBXBuildFile; fileRef = 3564C4F72042976D00D885A6 /* DataTableViewCell.xib */; };
		3564C4FC2042976D00D885A6 /* ImageHeaderView.swift in Sources */ = {isa = PBXBuildFile; fileRef = 3564C4F82042976D00D885A6 /* ImageHeaderView.swift */; };
		3564C504204297D100D885A6 /* UIColor.swift in Sources */ = {isa = PBXBuildFile; fileRef = 3564C4FD204297D000D885A6 /* UIColor.swift */; };
		3564C505204297D100D885A6 /* UIImage.swift in Sources */ = {isa = PBXBuildFile; fileRef = 3564C4FE204297D000D885A6 /* UIImage.swift */; };
		3564C506204297D100D885A6 /* UIImageView.swift in Sources */ = {isa = PBXBuildFile; fileRef = 3564C4FF204297D000D885A6 /* UIImageView.swift */; };
		3564C507204297D100D885A6 /* UIViewController.swift in Sources */ = {isa = PBXBuildFile; fileRef = 3564C500204297D100D885A6 /* UIViewController.swift */; };
		3564C508204297D100D885A6 /* UITableViewExtension.swift in Sources */ = {isa = PBXBuildFile; fileRef = 3564C501204297D100D885A6 /* UITableViewExtension.swift */; };
		3564C509204297D100D885A6 /* UIApplication.swift in Sources */ = {isa = PBXBuildFile; fileRef = 3564C502204297D100D885A6 /* UIApplication.swift */; };
		3564C50A204297D100D885A6 /* UIView.swift in Sources */ = {isa = PBXBuildFile; fileRef = 3564C503204297D100D885A6 /* UIView.swift */; };
		359758C3202045D800EF46F6 /* PropertyAnalyze_comTests.swift in Sources */ = {isa = PBXBuildFile; fileRef = 359758C2202045D800EF46F6 /* PropertyAnalyze_comTests.swift */; };
		359758CE202045D800EF46F6 /* PropertyAnalyze_comUITests.swift in Sources */ = {isa = PBXBuildFile; fileRef = 359758CD202045D800EF46F6 /* PropertyAnalyze_comUITests.swift */; };
		C815AE237CCCF3048C3A8A99 /* Pods_PropertyAnalyze_comUITests.framework in Frameworks */ = {isa = PBXBuildFile; fileRef = C9CC7A18E394CE59D552F14E /* Pods_PropertyAnalyze_comUITests.framework */; };
		CFD74C03DD30B03A2E0FFEB7 /* Pods_PropertyAnalyze_com.framework in Frameworks */ = {isa = PBXBuildFile; fileRef = 9F4E4589170AF7C875E1D953 /* Pods_PropertyAnalyze_com.framework */; };
/* End PBXBuildFile section */

/* Begin PBXContainerItemProxy section */
		359758BF202045D800EF46F6 /* PBXContainerItemProxy */ = {
			isa = PBXContainerItemProxy;
			containerPortal = 359758A2202045D800EF46F6 /* Project object */;
			proxyType = 1;
			remoteGlobalIDString = 359758A9202045D800EF46F6;
			remoteInfo = PropertyAnalyze.com;
		};
		359758CA202045D800EF46F6 /* PBXContainerItemProxy */ = {
			isa = PBXContainerItemProxy;
			containerPortal = 359758A2202045D800EF46F6 /* Project object */;
			proxyType = 1;
			remoteGlobalIDString = 359758A9202045D800EF46F6;
			remoteInfo = PropertyAnalyze.com;
		};
/* End PBXContainerItemProxy section */

/* Begin PBXFileReference section */
		12F00D524FB728DF9387A8CC /* Pods-PropertyAnalyze.com.debug.xcconfig */ = {isa = PBXFileReference; includeInIndex = 1; lastKnownFileType = text.xcconfig; name = "Pods-PropertyAnalyze.com.debug.xcconfig"; path = "Pods/Target Support Files/Pods-PropertyAnalyze.com/Pods-PropertyAnalyze.com.debug.xcconfig"; sourceTree = "<group>"; };
		1B97DD37CCE8D75FCF01C204 /* Pods-PropertyAnalyze.comUITests.debug.xcconfig */ = {isa = PBXFileReference; includeInIndex = 1; lastKnownFileType = text.xcconfig; name = "Pods-PropertyAnalyze.comUITests.debug.xcconfig"; path = "Pods/Target Support Files/Pods-PropertyAnalyze.comUITests/Pods-PropertyAnalyze.comUITests.debug.xcconfig"; sourceTree = "<group>"; };
		353647AE20357BC200040FE3 /* LaunchScreen.storyboard */ = {isa = PBXFileReference; lastKnownFileType = file.storyboard; path = LaunchScreen.storyboard; sourceTree = "<group>"; };
		354403E320356F0C00B2F1B5 /* Assets.xcassets */ = {isa = PBXFileReference; lastKnownFileType = folder.assetcatalog; path = Assets.xcassets; sourceTree = SOURCE_ROOT; };
		354403E420356F0C00B2F1B5 /* AddPropertyViewController.xib */ = {isa = PBXFileReference; fileEncoding = 4; lastKnownFileType = file.xib; path = AddPropertyViewController.xib; sourceTree = SOURCE_ROOT; };
		354403E520356F0D00B2F1B5 /* Default-568h@2x.png */ = {isa = PBXFileReference; lastKnownFileType = image.png; path = "Default-568h@2x.png"; sourceTree = SOURCE_ROOT; };
		354403E620356F0D00B2F1B5 /* Base.lproj */ = {isa = PBXFileReference; lastKnownFileType = folder; path = Base.lproj; sourceTree = SOURCE_ROOT; };
		354403E720356F0D00B2F1B5 /* ResetPasswordViewController.swift */ = {isa = PBXFileReference; fileEncoding = 4; lastKnownFileType = sourcecode.swift; path = ResetPasswordViewController.swift; sourceTree = SOURCE_ROOT; };
		354403E820356F0D00B2F1B5 /* AddPropertyViewController.swift */ = {isa = PBXFileReference; fileEncoding = 4; lastKnownFileType = sourcecode.swift; path = AddPropertyViewController.swift; sourceTree = SOURCE_ROOT; };
		354403E920356F0D00B2F1B5 /* HomeViewController.swift */ = {isa = PBXFileReference; fileEncoding = 4; lastKnownFileType = sourcecode.swift; path = HomeViewController.swift; sourceTree = SOURCE_ROOT; };
		354403EA20356F0D00B2F1B5 /* RightViewController.swift */ = {isa = PBXFileReference; fileEncoding = 4; lastKnownFileType = sourcecode.swift; path = RightViewController.swift; sourceTree = SOURCE_ROOT; };
		354403EB20356F0D00B2F1B5 /* JavaViewController.swift */ = {isa = PBXFileReference; fileEncoding = 4; lastKnownFileType = sourcecode.swift; path = JavaViewController.swift; sourceTree = SOURCE_ROOT; };
		354403EC20356F0E00B2F1B5 /* SlideMenuController.swift */ = {isa = PBXFileReference; fileEncoding = 4; lastKnownFileType = sourcecode.swift; path = SlideMenuController.swift; sourceTree = SOURCE_ROOT; };
		354403EE20356F0E00B2F1B5 /* String.swift */ = {isa = PBXFileReference; fileEncoding = 4; lastKnownFileType = sourcecode.swift; path = String.swift; sourceTree = SOURCE_ROOT; };
		354403EF20356F0E00B2F1B5 /* LoginViewController.swift */ = {isa = PBXFileReference; fileEncoding = 4; lastKnownFileType = sourcecode.swift; path = LoginViewController.swift; sourceTree = SOURCE_ROOT; };
		354403F020356F0E00B2F1B5 /* ViewController.swift */ = {isa = PBXFileReference; fileEncoding = 4; lastKnownFileType = sourcecode.swift; path = ViewController.swift; sourceTree = SOURCE_ROOT; };
		354403F120356F0E00B2F1B5 /* MainViewController.swift */ = {isa = PBXFileReference; fileEncoding = 4; lastKnownFileType = sourcecode.swift; path = MainViewController.swift; sourceTree = SOURCE_ROOT; };
		354403F220356F0E00B2F1B5 /* SubContentsViewController.storyboard */ = {isa = PBXFileReference; fileEncoding = 4; lastKnownFileType = file.storyboard; path = SubContentsViewController.storyboard; sourceTree = SOURCE_ROOT; };
		354403F320356F0F00B2F1B5 /* SwiftViewController.swift */ = {isa = PBXFileReference; fileEncoding = 4; lastKnownFileType = sourcecode.swift; path = SwiftViewController.swift; sourceTree = SOURCE_ROOT; };
		354403F520356F0F00B2F1B5 /* Podfile */ = {isa = PBXFileReference; fileEncoding = 4; lastKnownFileType = text; path = Podfile; sourceTree = SOURCE_ROOT; };
		354403F620356F0F00B2F1B5 /* ExSlideMenuController.swift */ = {isa = PBXFileReference; fileEncoding = 4; lastKnownFileType = sourcecode.swift; path = ExSlideMenuController.swift; sourceTree = SOURCE_ROOT; };
		354403F720356F0F00B2F1B5 /* BaseTableViewCell.swift */ = {isa = PBXFileReference; fileEncoding = 4; lastKnownFileType = sourcecode.swift; path = BaseTableViewCell.swift; sourceTree = SOURCE_ROOT; };
		354403F820356F0F00B2F1B5 /* Info.plist */ = {isa = PBXFileReference; fileEncoding = 4; lastKnownFileType = text.plist.xml; name = Info.plist; path = /Users/akilasekaran/Documents/PropertyAnalyze/PropertyAnalyze.com/../Info.plist; sourceTree = "<absolute>"; };
		354403F920356F0F00B2F1B5 /* Pods */ = {isa = PBXFileReference; lastKnownFileType = folder; path = Pods; sourceTree = SOURCE_ROOT; };
		354403FA20356F1000B2F1B5 /* LeftViewController.swift */ = {isa = PBXFileReference; fileEncoding = 4; lastKnownFileType = sourcecode.swift; path = LeftViewController.swift; sourceTree = SOURCE_ROOT; };
		354403FB20356F1000B2F1B5 /* SignUpViewController.swift */ = {isa = PBXFileReference; fileEncoding = 4; lastKnownFileType = sourcecode.swift; path = SignUpViewController.swift; sourceTree = SOURCE_ROOT; };
		354403FC20356F1000B2F1B5 /* NonMenuController.swift */ = {isa = PBXFileReference; fileEncoding = 4; lastKnownFileType = sourcecode.swift; path = NonMenuController.swift; sourceTree = SOURCE_ROOT; };
		354403FD20356F1000B2F1B5 /* AppDelegate.swift */ = {isa = PBXFileReference; fileEncoding = 4; lastKnownFileType = sourcecode.swift; path = AppDelegate.swift; sourceTree = SOURCE_ROOT; };
		354403FE20356F1000B2F1B5 /* GoViewController.swift */ = {isa = PBXFileReference; fileEncoding = 4; lastKnownFileType = sourcecode.swift; path = GoViewController.swift; sourceTree = SOURCE_ROOT; };
		3544040020356F1100B2F1B5 /* Main.storyboard */ = {isa = PBXFileReference; fileEncoding = 4; lastKnownFileType = file.storyboard; path = Main.storyboard; sourceTree = SOURCE_ROOT; };
		3544040120356F1100B2F1B5 /* GoogleService-Info.plist */ = {isa = PBXFileReference; fileEncoding = 4; lastKnownFileType = text.plist.xml; path = "GoogleService-Info.plist"; sourceTree = SOURCE_ROOT; };
		3544040220356F1100B2F1B5 /* SubContentsViewController.swift */ = {isa = PBXFileReference; fileEncoding = 4; lastKnownFileType = sourcecode.swift; path = SubContentsViewController.swift; sourceTree = SOURCE_ROOT; };
		3544040320356F1100B2F1B5 /* Podfile.lock */ = {isa = PBXFileReference; fileEncoding = 4; lastKnownFileType = text; path = Podfile.lock; sourceTree = SOURCE_ROOT; };
		3564C4F52042976C00D885A6 /* DataTableViewCell.swift */ = {isa = PBXFileReference; fileEncoding = 4; lastKnownFileType = sourcecode.swift; name = DataTableViewCell.swift; path = "Custom View/DataTableViewCell.swift"; sourceTree = SOURCE_ROOT; };
		3564C4F62042976D00D885A6 /* ImageHeaderView.xib */ = {isa = PBXFileReference; fileEncoding = 4; lastKnownFileType = file.xib; name = ImageHeaderView.xib; path = "Custom View/ImageHeaderView.xib"; sourceTree = SOURCE_ROOT; };
		3564C4F72042976D00D885A6 /* DataTableViewCell.xib */ = {isa = PBXFileReference; fileEncoding = 4; lastKnownFileType = file.xib; name = DataTableViewCell.xib; path = "Custom View/DataTableViewCell.xib"; sourceTree = SOURCE_ROOT; };
		3564C4F82042976D00D885A6 /* ImageHeaderView.swift */ = {isa = PBXFileReference; fileEncoding = 4; lastKnownFileType = sourcecode.swift; name = ImageHeaderView.swift; path = "Custom View/ImageHeaderView.swift"; sourceTree = SOURCE_ROOT; };
		3564C4FD204297D000D885A6 /* UIColor.swift */ = {isa = PBXFileReference; fileEncoding = 4; lastKnownFileType = sourcecode.swift; path = UIColor.swift; sourceTree = "<group>"; };
		3564C4FE204297D000D885A6 /* UIImage.swift */ = {isa = PBXFileReference; fileEncoding = 4; lastKnownFileType = sourcecode.swift; path = UIImage.swift; sourceTree = "<group>"; };
		3564C4FF204297D000D885A6 /* UIImageView.swift */ = {isa = PBXFileReference; fileEncoding = 4; lastKnownFileType = sourcecode.swift; path = UIImageView.swift; sourceTree = "<group>"; };
		3564C500204297D100D885A6 /* UIViewController.swift */ = {isa = PBXFileReference; fileEncoding = 4; lastKnownFileType = sourcecode.swift; path = UIViewController.swift; sourceTree = "<group>"; };
		3564C501204297D100D885A6 /* UITableViewExtension.swift */ = {isa = PBXFileReference; fileEncoding = 4; lastKnownFileType = sourcecode.swift; path = UITableViewExtension.swift; sourceTree = "<group>"; };
		3564C502204297D100D885A6 /* UIApplication.swift */ = {isa = PBXFileReference; fileEncoding = 4; lastKnownFileType = sourcecode.swift; path = UIApplication.swift; sourceTree = "<group>"; };
		3564C503204297D100D885A6 /* UIView.swift */ = {isa = PBXFileReference; fileEncoding = 4; lastKnownFileType = sourcecode.swift; path = UIView.swift; sourceTree = "<group>"; };
		359758AA202045D800EF46F6 /* PropertyAnalyze.com.app */ = {isa = PBXFileReference; explicitFileType = wrapper.application; includeInIndex = 0; path = PropertyAnalyze.com.app; sourceTree = BUILT_PRODUCTS_DIR; };
		359758BE202045D800EF46F6 /* PropertyAnalyze.comTests.xctest */ = {isa = PBXFileReference; explicitFileType = wrapper.cfbundle; includeInIndex = 0; path = PropertyAnalyze.comTests.xctest; sourceTree = BUILT_PRODUCTS_DIR; };
		359758C2202045D800EF46F6 /* PropertyAnalyze_comTests.swift */ = {isa = PBXFileReference; lastKnownFileType = sourcecode.swift; path = PropertyAnalyze_comTests.swift; sourceTree = "<group>"; };
		359758C4202045D800EF46F6 /* Info.plist */ = {isa = PBXFileReference; lastKnownFileType = text.plist.xml; path = Info.plist; sourceTree = "<group>"; };
		359758C9202045D800EF46F6 /* PropertyAnalyze.comUITests.xctest */ = {isa = PBXFileReference; explicitFileType = wrapper.cfbundle; includeInIndex = 0; path = PropertyAnalyze.comUITests.xctest; sourceTree = BUILT_PRODUCTS_DIR; };
		359758CD202045D800EF46F6 /* PropertyAnalyze_comUITests.swift */ = {isa = PBXFileReference; lastKnownFileType = sourcecode.swift; path = PropertyAnalyze_comUITests.swift; sourceTree = "<group>"; };
		359758CF202045D800EF46F6 /* Info.plist */ = {isa = PBXFileReference; lastKnownFileType = text.plist.xml; path = Info.plist; sourceTree = "<group>"; };
		374E7F1478574E13F92C2B84 /* Pods_PropertyAnalyze_comTests.framework */ = {isa = PBXFileReference; explicitFileType = wrapper.framework; includeInIndex = 0; path = Pods_PropertyAnalyze_comTests.framework; sourceTree = BUILT_PRODUCTS_DIR; };
		54BBBE2EA0352344C5B37BCE /* Pods-PropertyAnalyze.comTests.release.xcconfig */ = {isa = PBXFileReference; includeInIndex = 1; lastKnownFileType = text.xcconfig; name = "Pods-PropertyAnalyze.comTests.release.xcconfig"; path = "Pods/Target Support Files/Pods-PropertyAnalyze.comTests/Pods-PropertyAnalyze.comTests.release.xcconfig"; sourceTree = "<group>"; };
		9F4E4589170AF7C875E1D953 /* Pods_PropertyAnalyze_com.framework */ = {isa = PBXFileReference; explicitFileType = wrapper.framework; includeInIndex = 0; path = Pods_PropertyAnalyze_com.framework; sourceTree = BUILT_PRODUCTS_DIR; };
		A4FED2D6219A5153EAC69C04 /* Pods-PropertyAnalyze.com.release.xcconfig */ = {isa = PBXFileReference; includeInIndex = 1; lastKnownFileType = text.xcconfig; name = "Pods-PropertyAnalyze.com.release.xcconfig"; path = "Pods/Target Support Files/Pods-PropertyAnalyze.com/Pods-PropertyAnalyze.com.release.xcconfig"; sourceTree = "<group>"; };
		AC14BE135028C22FD98B15BC /* Pods-PropertyAnalyze.comTests.debug.xcconfig */ = {isa = PBXFileReference; includeInIndex = 1; lastKnownFileType = text.xcconfig; name = "Pods-PropertyAnalyze.comTests.debug.xcconfig"; path = "Pods/Target Support Files/Pods-PropertyAnalyze.comTests/Pods-PropertyAnalyze.comTests.debug.xcconfig"; sourceTree = "<group>"; };
		C9CC7A18E394CE59D552F14E /* Pods_PropertyAnalyze_comUITests.framework */ = {isa = PBXFileReference; explicitFileType = wrapper.framework; includeInIndex = 0; path = Pods_PropertyAnalyze_comUITests.framework; sourceTree = BUILT_PRODUCTS_DIR; };
		FBA2B3FD0A6D136E57290B1B /* Pods-PropertyAnalyze.comUITests.release.xcconfig */ = {isa = PBXFileReference; includeInIndex = 1; lastKnownFileType = text.xcconfig; name = "Pods-PropertyAnalyze.comUITests.release.xcconfig"; path = "Pods/Target Support Files/Pods-PropertyAnalyze.comUITests/Pods-PropertyAnalyze.comUITests.release.xcconfig"; sourceTree = "<group>"; };
/* End PBXFileReference section */

/* Begin PBXFrameworksBuildPhase section */
		359758A7202045D800EF46F6 /* Frameworks */ = {
			isa = PBXFrameworksBuildPhase;
			buildActionMask = 2147483647;
			files = (
				CFD74C03DD30B03A2E0FFEB7 /* Pods_PropertyAnalyze_com.framework in Frameworks */,
			);
			runOnlyForDeploymentPostprocessing = 0;
		};
		359758BB202045D800EF46F6 /* Frameworks */ = {
			isa = PBXFrameworksBuildPhase;
			buildActionMask = 2147483647;
			files = (
				0C0D5ECF75A6FA7AC5F87A3F /* Pods_PropertyAnalyze_comTests.framework in Frameworks */,
			);
			runOnlyForDeploymentPostprocessing = 0;
		};
		359758C6202045D800EF46F6 /* Frameworks */ = {
			isa = PBXFrameworksBuildPhase;
			buildActionMask = 2147483647;
			files = (
				C815AE237CCCF3048C3A8A99 /* Pods_PropertyAnalyze_comUITests.framework in Frameworks */,
			);
			runOnlyForDeploymentPostprocessing = 0;
		};
/* End PBXFrameworksBuildPhase section */

/* Begin PBXGroup section */
		359758A1202045D800EF46F6 = {
			isa = PBXGroup;
			children = (
				359758AC202045D800EF46F6 /* PropertyAnalyze.com */,
				359758C1202045D800EF46F6 /* PropertyAnalyze.comTests */,
				359758CC202045D800EF46F6 /* PropertyAnalyze.comUITests */,
				359758AB202045D800EF46F6 /* Products */,
				AC3D0DEAEC3F8DDEC5D3C877 /* Pods */,
				58A00A4C022A7D18F63005B1 /* Frameworks */,
			);
			sourceTree = "<group>";
		};
		359758AB202045D800EF46F6 /* Products */ = {
			isa = PBXGroup;
			children = (
				359758AA202045D800EF46F6 /* PropertyAnalyze.com.app */,
				359758BE202045D800EF46F6 /* PropertyAnalyze.comTests.xctest */,
				359758C9202045D800EF46F6 /* PropertyAnalyze.comUITests.xctest */,
			);
			name = Products;
			sourceTree = "<group>";
		};
		359758AC202045D800EF46F6 /* PropertyAnalyze.com */ = {
			isa = PBXGroup;
			children = (
				3564C4F52042976C00D885A6 /* DataTableViewCell.swift */,
				3564C4F72042976D00D885A6 /* DataTableViewCell.xib */,
				3564C4F82042976D00D885A6 /* ImageHeaderView.swift */,
				3564C4F62042976D00D885A6 /* ImageHeaderView.xib */,
				3564C502204297D100D885A6 /* UIApplication.swift */,
				3564C4FD204297D000D885A6 /* UIColor.swift */,
				3564C4FE204297D000D885A6 /* UIImage.swift */,
				3564C4FF204297D000D885A6 /* UIImageView.swift */,
				3564C501204297D100D885A6 /* UITableViewExtension.swift */,
				3564C503204297D100D885A6 /* UIView.swift */,
				3564C500204297D100D885A6 /* UIViewController.swift */,
				354403F920356F0F00B2F1B5 /* Pods */,
				354403E820356F0D00B2F1B5 /* AddPropertyViewController.swift */,
				354403F620356F0F00B2F1B5 /* ExSlideMenuController.swift */,
				354403FB20356F1000B2F1B5 /* SignUpViewController.swift */,
				354403F220356F0E00B2F1B5 /* SubContentsViewController.storyboard */,
				3544040220356F1100B2F1B5 /* SubContentsViewController.swift */,
				354403F320356F0F00B2F1B5 /* SwiftViewController.swift */,
				3544040120356F1100B2F1B5 /* GoogleService-Info.plist */,
				354403FE20356F1000B2F1B5 /* GoViewController.swift */,
				354403FA20356F1000B2F1B5 /* LeftViewController.swift */,
				354403E920356F0D00B2F1B5 /* HomeViewController.swift */,
				354403F820356F0F00B2F1B5 /* Info.plist */,
				354403EB20356F0D00B2F1B5 /* JavaViewController.swift */,
				354403EF20356F0E00B2F1B5 /* LoginViewController.swift */,
				3544040020356F1100B2F1B5 /* Main.storyboard */,
				354403F120356F0E00B2F1B5 /* MainViewController.swift */,
				354403FC20356F1000B2F1B5 /* NonMenuController.swift */,
				354403F520356F0F00B2F1B5 /* Podfile */,
				3544040320356F1100B2F1B5 /* Podfile.lock */,
				354403E420356F0C00B2F1B5 /* AddPropertyViewController.xib */,
				354403FD20356F1000B2F1B5 /* AppDelegate.swift */,
				354403F720356F0F00B2F1B5 /* BaseTableViewCell.swift */,
				354403E320356F0C00B2F1B5 /* Assets.xcassets */,
				354403E620356F0D00B2F1B5 /* Base.lproj */,
				354403E520356F0D00B2F1B5 /* Default-568h@2x.png */,
				354403E720356F0D00B2F1B5 /* ResetPasswordViewController.swift */,
				354403EA20356F0D00B2F1B5 /* RightViewController.swift */,
				354403EC20356F0E00B2F1B5 /* SlideMenuController.swift */,
				354403EE20356F0E00B2F1B5 /* String.swift */,
				354403F020356F0E00B2F1B5 /* ViewController.swift */,
				353647AE20357BC200040FE3 /* LaunchScreen.storyboard */,
			);
			path = PropertyAnalyze.com;
			sourceTree = "<group>";
		};
		359758C1202045D800EF46F6 /* PropertyAnalyze.comTests */ = {
			isa = PBXGroup;
			children = (
				359758C2202045D800EF46F6 /* PropertyAnalyze_comTests.swift */,
				359758C4202045D800EF46F6 /* Info.plist */,
			);
			path = PropertyAnalyze.comTests;
			sourceTree = "<group>";
		};
		359758CC202045D800EF46F6 /* PropertyAnalyze.comUITests */ = {
			isa = PBXGroup;
			children = (
				359758CD202045D800EF46F6 /* PropertyAnalyze_comUITests.swift */,
				359758CF202045D800EF46F6 /* Info.plist */,
			);
			path = PropertyAnalyze.comUITests;
			sourceTree = "<group>";
		};
		58A00A4C022A7D18F63005B1 /* Frameworks */ = {
			isa = PBXGroup;
			children = (
				9F4E4589170AF7C875E1D953 /* Pods_PropertyAnalyze_com.framework */,
				374E7F1478574E13F92C2B84 /* Pods_PropertyAnalyze_comTests.framework */,
				C9CC7A18E394CE59D552F14E /* Pods_PropertyAnalyze_comUITests.framework */,
			);
			name = Frameworks;
			sourceTree = "<group>";
		};
		AC3D0DEAEC3F8DDEC5D3C877 /* Pods */ = {
			isa = PBXGroup;
			children = (
				12F00D524FB728DF9387A8CC /* Pods-PropertyAnalyze.com.debug.xcconfig */,
				A4FED2D6219A5153EAC69C04 /* Pods-PropertyAnalyze.com.release.xcconfig */,
				AC14BE135028C22FD98B15BC /* Pods-PropertyAnalyze.comTests.debug.xcconfig */,
				54BBBE2EA0352344C5B37BCE /* Pods-PropertyAnalyze.comTests.release.xcconfig */,
				1B97DD37CCE8D75FCF01C204 /* Pods-PropertyAnalyze.comUITests.debug.xcconfig */,
				FBA2B3FD0A6D136E57290B1B /* Pods-PropertyAnalyze.comUITests.release.xcconfig */,
			);
			name = Pods;
			sourceTree = "<group>";
		};
/* End PBXGroup section */

/* Begin PBXNativeTarget section */
		359758A9202045D800EF46F6 /* PropertyAnalyze.com */ = {
			isa = PBXNativeTarget;
			buildConfigurationList = 359758D2202045D800EF46F6 /* Build configuration list for PBXNativeTarget "PropertyAnalyze.com" */;
			buildPhases = (
				033344ABA80A9ABBD81F7BF2 /* [CP] Check Pods Manifest.lock */,
				359758A6202045D800EF46F6 /* Sources */,
				359758A7202045D800EF46F6 /* Frameworks */,
				359758A8202045D800EF46F6 /* Resources */,
				062FD518C143CCC4A7E205C9 /* [CP] Embed Pods Frameworks */,
				724172FE1F37F6E0FD3278B1 /* [CP] Copy Pods Resources */,
			);
			buildRules = (
			);
			dependencies = (
			);
			name = PropertyAnalyze.com;
			productName = PropertyAnalyze.com;
			productReference = 359758AA202045D800EF46F6 /* PropertyAnalyze.com.app */;
			productType = "com.apple.product-type.application";
		};
		359758BD202045D800EF46F6 /* PropertyAnalyze.comTests */ = {
			isa = PBXNativeTarget;
			buildConfigurationList = 359758D5202045D800EF46F6 /* Build configuration list for PBXNativeTarget "PropertyAnalyze.comTests" */;
			buildPhases = (
				293599363AA3F43851431C69 /* [CP] Check Pods Manifest.lock */,
				359758BA202045D800EF46F6 /* Sources */,
				359758BB202045D800EF46F6 /* Frameworks */,
				359758BC202045D800EF46F6 /* Resources */,
				70E7C23F7F5A8293F1BD3E43 /* [CP] Embed Pods Frameworks */,
				D3B0A905C29B83AC4FB67CD2 /* [CP] Copy Pods Resources */,
			);
			buildRules = (
			);
			dependencies = (
				359758C0202045D800EF46F6 /* PBXTargetDependency */,
			);
			name = PropertyAnalyze.comTests;
			productName = PropertyAnalyze.comTests;
			productReference = 359758BE202045D800EF46F6 /* PropertyAnalyze.comTests.xctest */;
			productType = "com.apple.product-type.bundle.unit-test";
		};
		359758C8202045D800EF46F6 /* PropertyAnalyze.comUITests */ = {
			isa = PBXNativeTarget;
			buildConfigurationList = 359758D8202045D800EF46F6 /* Build configuration list for PBXNativeTarget "PropertyAnalyze.comUITests" */;
			buildPhases = (
				40B33DAEFB2757ACF3C40BFA /* [CP] Check Pods Manifest.lock */,
				359758C5202045D800EF46F6 /* Sources */,
				359758C6202045D800EF46F6 /* Frameworks */,
				359758C7202045D800EF46F6 /* Resources */,
				6D11677DC789D4227B25572E /* [CP] Embed Pods Frameworks */,
				E5DF87A1A9634295B2010792 /* [CP] Copy Pods Resources */,
			);
			buildRules = (
			);
			dependencies = (
				359758CB202045D800EF46F6 /* PBXTargetDependency */,
			);
			name = PropertyAnalyze.comUITests;
			productName = PropertyAnalyze.comUITests;
			productReference = 359758C9202045D800EF46F6 /* PropertyAnalyze.comUITests.xctest */;
			productType = "com.apple.product-type.bundle.ui-testing";
		};
/* End PBXNativeTarget section */

/* Begin PBXProject section */
		359758A2202045D800EF46F6 /* Project object */ = {
			isa = PBXProject;
			attributes = {
				LastSwiftUpdateCheck = 0830;
				LastUpgradeCheck = 0920;
				ORGANIZATIONNAME = propertyAnalyze;
				TargetAttributes = {
					359758A9202045D800EF46F6 = {
						CreatedOnToolsVersion = 8.3.3;
						DevelopmentTeam = 676ZG8L9VU;
						ProvisioningStyle = Automatic;
					};
					359758BD202045D800EF46F6 = {
						CreatedOnToolsVersion = 8.3.3;
						ProvisioningStyle = Automatic;
						TestTargetID = 359758A9202045D800EF46F6;
					};
					359758C8202045D800EF46F6 = {
						CreatedOnToolsVersion = 8.3.3;
						ProvisioningStyle = Automatic;
						TestTargetID = 359758A9202045D800EF46F6;
					};
				};
			};
			buildConfigurationList = 359758A5202045D800EF46F6 /* Build configuration list for PBXProject "PropertyAnalyze.com" */;
			compatibilityVersion = "Xcode 3.2";
			developmentRegion = English;
			hasScannedForEncodings = 0;
			knownRegions = (
				en,
				Base,
			);
			mainGroup = 359758A1202045D800EF46F6;
			productRefGroup = 359758AB202045D800EF46F6 /* Products */;
			projectDirPath = "";
			projectRoot = "";
			targets = (
				359758A9202045D800EF46F6 /* PropertyAnalyze.com */,
				359758BD202045D800EF46F6 /* PropertyAnalyze.comTests */,
				359758C8202045D800EF46F6 /* PropertyAnalyze.comUITests */,
			);
		};
/* End PBXProject section */

/* Begin PBXResourcesBuildPhase section */
		359758A8202045D800EF46F6 /* Resources */ = {
			isa = PBXResourcesBuildPhase;
			buildActionMask = 2147483647;
			files = (
				3544041A20356F1100B2F1B5 /* Pods in Resources */,
				3564C4FA2042976D00D885A6 /* ImageHeaderView.xib in Resources */,
				3544040620356F1100B2F1B5 /* Default-568h@2x.png in Resources */,
				3544042420356F1100B2F1B5 /* Podfile.lock in Resources */,
				3544040520356F1100B2F1B5 /* AddPropertyViewController.xib in Resources */,
				3544041320356F1100B2F1B5 /* SubContentsViewController.storyboard in Resources */,
				3544042120356F1100B2F1B5 /* Main.storyboard in Resources */,
				3544041620356F1100B2F1B5 /* Podfile in Resources */,
				3564C4FB2042976D00D885A6 /* DataTableViewCell.xib in Resources */,
				3544040420356F1100B2F1B5 /* Assets.xcassets in Resources */,
				3544040720356F1100B2F1B5 /* Base.lproj in Resources */,
				3544042220356F1100B2F1B5 /* GoogleService-Info.plist in Resources */,
				353647AF20357BC200040FE3 /* LaunchScreen.storyboard in Resources */,
			);
			runOnlyForDeploymentPostprocessing = 0;
		};
		359758BC202045D800EF46F6 /* Resources */ = {
			isa = PBXResourcesBuildPhase;
			buildActionMask = 2147483647;
			files = (
			);
			runOnlyForDeploymentPostprocessing = 0;
		};
		359758C7202045D800EF46F6 /* Resources */ = {
			isa = PBXResourcesBuildPhase;
			buildActionMask = 2147483647;
			files = (
			);
			runOnlyForDeploymentPostprocessing = 0;
		};
/* End PBXResourcesBuildPhase section */

/* Begin PBXShellScriptBuildPhase section */
		033344ABA80A9ABBD81F7BF2 /* [CP] Check Pods Manifest.lock */ = {
			isa = PBXShellScriptBuildPhase;
			buildActionMask = 2147483647;
			files = (
			);
			inputPaths = (
			);
			name = "[CP] Check Pods Manifest.lock";
			outputPaths = (
			);
			runOnlyForDeploymentPostprocessing = 0;
			shellPath = /bin/sh;
			shellScript = "diff \"${PODS_ROOT}/../Podfile.lock\" \"${PODS_ROOT}/Manifest.lock\" > /dev/null\nif [ $? != 0 ] ; then\n    # print error to STDERR\n    echo \"error: The sandbox is not in sync with the Podfile.lock. Run 'pod install' or update your CocoaPods installation.\" >&2\n    exit 1\nfi\n";
			showEnvVarsInLog = 0;
		};
		062FD518C143CCC4A7E205C9 /* [CP] Embed Pods Frameworks */ = {
			isa = PBXShellScriptBuildPhase;
			buildActionMask = 2147483647;
			files = (
			);
			inputPaths = (
			);
			name = "[CP] Embed Pods Frameworks";
			outputPaths = (
			);
			runOnlyForDeploymentPostprocessing = 0;
			shellPath = /bin/sh;
			shellScript = "\"${SRCROOT}/Pods/Target Support Files/Pods-PropertyAnalyze.com/Pods-PropertyAnalyze.com-frameworks.sh\"\n";
			showEnvVarsInLog = 0;
		};
		293599363AA3F43851431C69 /* [CP] Check Pods Manifest.lock */ = {
			isa = PBXShellScriptBuildPhase;
			buildActionMask = 2147483647;
			files = (
			);
			inputPaths = (
			);
			name = "[CP] Check Pods Manifest.lock";
			outputPaths = (
			);
			runOnlyForDeploymentPostprocessing = 0;
			shellPath = /bin/sh;
			shellScript = "diff \"${PODS_ROOT}/../Podfile.lock\" \"${PODS_ROOT}/Manifest.lock\" > /dev/null\nif [ $? != 0 ] ; then\n    # print error to STDERR\n    echo \"error: The sandbox is not in sync with the Podfile.lock. Run 'pod install' or update your CocoaPods installation.\" >&2\n    exit 1\nfi\n";
			showEnvVarsInLog = 0;
		};
		40B33DAEFB2757ACF3C40BFA /* [CP] Check Pods Manifest.lock */ = {
			isa = PBXShellScriptBuildPhase;
			buildActionMask = 2147483647;
			files = (
			);
			inputPaths = (
			);
			name = "[CP] Check Pods Manifest.lock";
			outputPaths = (
			);
			runOnlyForDeploymentPostprocessing = 0;
			shellPath = /bin/sh;
			shellScript = "diff \"${PODS_ROOT}/../Podfile.lock\" \"${PODS_ROOT}/Manifest.lock\" > /dev/null\nif [ $? != 0 ] ; then\n    # print error to STDERR\n    echo \"error: The sandbox is not in sync with the Podfile.lock. Run 'pod install' or update your CocoaPods installation.\" >&2\n    exit 1\nfi\n";
			showEnvVarsInLog = 0;
		};
		6D11677DC789D4227B25572E /* [CP] Embed Pods Frameworks */ = {
			isa = PBXShellScriptBuildPhase;
			buildActionMask = 2147483647;
			files = (
			);
			inputPaths = (
			);
			name = "[CP] Embed Pods Frameworks";
			outputPaths = (
			);
			runOnlyForDeploymentPostprocessing = 0;
			shellPath = /bin/sh;
			shellScript = "\"${SRCROOT}/Pods/Target Support Files/Pods-PropertyAnalyze.comUITests/Pods-PropertyAnalyze.comUITests-frameworks.sh\"\n";
			showEnvVarsInLog = 0;
		};
		70E7C23F7F5A8293F1BD3E43 /* [CP] Embed Pods Frameworks */ = {
			isa = PBXShellScriptBuildPhase;
			buildActionMask = 2147483647;
			files = (
			);
			inputPaths = (
			);
			name = "[CP] Embed Pods Frameworks";
			outputPaths = (
			);
			runOnlyForDeploymentPostprocessing = 0;
			shellPath = /bin/sh;
			shellScript = "\"${SRCROOT}/Pods/Target Support Files/Pods-PropertyAnalyze.comTests/Pods-PropertyAnalyze.comTests-frameworks.sh\"\n";
			showEnvVarsInLog = 0;
		};
		724172FE1F37F6E0FD3278B1 /* [CP] Copy Pods Resources */ = {
			isa = PBXShellScriptBuildPhase;
			buildActionMask = 2147483647;
			files = (
			);
			inputPaths = (
			);
			name = "[CP] Copy Pods Resources";
			outputPaths = (
			);
			runOnlyForDeploymentPostprocessing = 0;
			shellPath = /bin/sh;
			shellScript = "\"${SRCROOT}/Pods/Target Support Files/Pods-PropertyAnalyze.com/Pods-PropertyAnalyze.com-resources.sh\"\n";
			showEnvVarsInLog = 0;
		};
		D3B0A905C29B83AC4FB67CD2 /* [CP] Copy Pods Resources */ = {
			isa = PBXShellScriptBuildPhase;
			buildActionMask = 2147483647;
			files = (
			);
			inputPaths = (
			);
			name = "[CP] Copy Pods Resources";
			outputPaths = (
			);
			runOnlyForDeploymentPostprocessing = 0;
			shellPath = /bin/sh;
			shellScript = "\"${SRCROOT}/Pods/Target Support Files/Pods-PropertyAnalyze.comTests/Pods-PropertyAnalyze.comTests-resources.sh\"\n";
			showEnvVarsInLog = 0;
		};
		E5DF87A1A9634295B2010792 /* [CP] Copy Pods Resources */ = {
			isa = PBXShellScriptBuildPhase;
			buildActionMask = 2147483647;
			files = (
			);
			inputPaths = (
			);
			name = "[CP] Copy Pods Resources";
			outputPaths = (
			);
			runOnlyForDeploymentPostprocessing = 0;
			shellPath = /bin/sh;
			shellScript = "\"${SRCROOT}/Pods/Target Support Files/Pods-PropertyAnalyze.comUITests/Pods-PropertyAnalyze.comUITests-resources.sh\"\n";
			showEnvVarsInLog = 0;
		};
/* End PBXShellScriptBuildPhase section */

/* Begin PBXSourcesBuildPhase section */
		359758A6202045D800EF46F6 /* Sources */ = {
			isa = PBXSourcesBuildPhase;
			buildActionMask = 2147483647;
			files = (
				3544041420356F1100B2F1B5 /* SwiftViewController.swift in Sources */,
				3544041020356F1100B2F1B5 /* LoginViewController.swift in Sources */,
				3564C4FC2042976D00D885A6 /* ImageHeaderView.swift in Sources */,
				3564C50A204297D100D885A6 /* UIView.swift in Sources */,
				3544041E20356F1100B2F1B5 /* AppDelegate.swift in Sources */,
				3544041C20356F1100B2F1B5 /* SignUpViewController.swift in Sources */,
				3564C508204297D100D885A6 /* UITableViewExtension.swift in Sources */,
				3564C506204297D100D885A6 /* UIImageView.swift in Sources */,
				3564C509204297D100D885A6 /* UIApplication.swift in Sources */,
				3544040A20356F1100B2F1B5 /* HomeViewController.swift in Sources */,
				3544041D20356F1100B2F1B5 /* NonMenuController.swift in Sources */,
				3544041720356F1100B2F1B5 /* ExSlideMenuController.swift in Sources */,
				3564C505204297D100D885A6 /* UIImage.swift in Sources */,
				3544040820356F1100B2F1B5 /* ResetPasswordViewController.swift in Sources */,
				3564C504204297D100D885A6 /* UIColor.swift in Sources */,
				3544041220356F1100B2F1B5 /* MainViewController.swift in Sources */,
				3544040C20356F1100B2F1B5 /* JavaViewController.swift in Sources */,
				3544041120356F1100B2F1B5 /* ViewController.swift in Sources */,
				3544040B20356F1100B2F1B5 /* RightViewController.swift in Sources */,
				3544040D20356F1100B2F1B5 /* SlideMenuController.swift in Sources */,
				3544042320356F1100B2F1B5 /* SubContentsViewController.swift in Sources */,
				3544041F20356F1100B2F1B5 /* GoViewController.swift in Sources */,
				3564C507204297D100D885A6 /* UIViewController.swift in Sources */,
				3544040920356F1100B2F1B5 /* AddPropertyViewController.swift in Sources */,
				3544041B20356F1100B2F1B5 /* LeftViewController.swift in Sources */,
				3544041820356F1100B2F1B5 /* BaseTableViewCell.swift in Sources */,
				3564C4F92042976D00D885A6 /* DataTableViewCell.swift in Sources */,
				3544040F20356F1100B2F1B5 /* String.swift in Sources */,
			);
			runOnlyForDeploymentPostprocessing = 0;
		};
		359758BA202045D800EF46F6 /* Sources */ = {
			isa = PBXSourcesBuildPhase;
			buildActionMask = 2147483647;
			files = (
				359758C3202045D800EF46F6 /* PropertyAnalyze_comTests.swift in Sources */,
				3564C4F12042955700D885A6 /* AddPropertyViewController.swift in Sources */,
			);
			runOnlyForDeploymentPostprocessing = 0;
		};
		359758C5202045D800EF46F6 /* Sources */ = {
			isa = PBXSourcesBuildPhase;
			buildActionMask = 2147483647;
			files = (
				359758CE202045D800EF46F6 /* PropertyAnalyze_comUITests.swift in Sources */,
			);
			runOnlyForDeploymentPostprocessing = 0;
		};
/* End PBXSourcesBuildPhase section */

/* Begin PBXTargetDependency section */
		359758C0202045D800EF46F6 /* PBXTargetDependency */ = {
			isa = PBXTargetDependency;
			target = 359758A9202045D800EF46F6 /* PropertyAnalyze.com */;
			targetProxy = 359758BF202045D800EF46F6 /* PBXContainerItemProxy */;
		};
		359758CB202045D800EF46F6 /* PBXTargetDependency */ = {
			isa = PBXTargetDependency;
			target = 359758A9202045D800EF46F6 /* PropertyAnalyze.com */;
			targetProxy = 359758CA202045D800EF46F6 /* PBXContainerItemProxy */;
		};
/* End PBXTargetDependency section */

/* Begin XCBuildConfiguration section */
		359758D0202045D800EF46F6 /* Debug */ = {
			isa = XCBuildConfiguration;
			buildSettings = {
				ALWAYS_SEARCH_USER_PATHS = NO;
				CLANG_ANALYZER_NONNULL = YES;
				CLANG_ANALYZER_NUMBER_OBJECT_CONVERSION = YES_AGGRESSIVE;
				CLANG_CXX_LANGUAGE_STANDARD = "gnu++0x";
				CLANG_CXX_LIBRARY = "libc++";
				CLANG_ENABLE_MODULES = YES;
				CLANG_ENABLE_OBJC_ARC = YES;
				CLANG_WARN_BLOCK_CAPTURE_AUTORELEASING = YES;
				CLANG_WARN_BOOL_CONVERSION = YES;
				CLANG_WARN_COMMA = YES;
				CLANG_WARN_CONSTANT_CONVERSION = YES;
				CLANG_WARN_DIRECT_OBJC_ISA_USAGE = YES_ERROR;
				CLANG_WARN_DOCUMENTATION_COMMENTS = YES;
				CLANG_WARN_EMPTY_BODY = YES;
				CLANG_WARN_ENUM_CONVERSION = YES;
				CLANG_WARN_INFINITE_RECURSION = YES;
				CLANG_WARN_INT_CONVERSION = YES;
				CLANG_WARN_NON_LITERAL_NULL_CONVERSION = YES;
				CLANG_WARN_OBJC_LITERAL_CONVERSION = YES;
				CLANG_WARN_OBJC_ROOT_CLASS = YES_ERROR;
				CLANG_WARN_RANGE_LOOP_ANALYSIS = YES;
				CLANG_WARN_STRICT_PROTOTYPES = YES;
				CLANG_WARN_SUSPICIOUS_MOVE = YES;
				CLANG_WARN_UNREACHABLE_CODE = YES;
				CLANG_WARN__DUPLICATE_METHOD_MATCH = YES;
				"CODE_SIGN_IDENTITY[sdk=iphoneos*]" = "iPhone Developer";
				COPY_PHASE_STRIP = NO;
				DEBUG_INFORMATION_FORMAT = dwarf;
				ENABLE_STRICT_OBJC_MSGSEND = YES;
				ENABLE_TESTABILITY = YES;
				GCC_C_LANGUAGE_STANDARD = gnu99;
				GCC_DYNAMIC_NO_PIC = NO;
				GCC_NO_COMMON_BLOCKS = YES;
				GCC_OPTIMIZATION_LEVEL = 0;
				GCC_PREPROCESSOR_DEFINITIONS = (
					"DEBUG=1",
					"$(inherited)",
				);
				GCC_WARN_64_TO_32_BIT_CONVERSION = YES;
				GCC_WARN_ABOUT_RETURN_TYPE = YES_ERROR;
				GCC_WARN_UNDECLARED_SELECTOR = YES;
				GCC_WARN_UNINITIALIZED_AUTOS = YES_AGGRESSIVE;
				GCC_WARN_UNUSED_FUNCTION = YES;
				GCC_WARN_UNUSED_VARIABLE = YES;
				IPHONEOS_DEPLOYMENT_TARGET = 10.3;
				MTL_ENABLE_DEBUG_INFO = YES;
				ONLY_ACTIVE_ARCH = YES;
				SDKROOT = iphoneos;
				SWIFT_ACTIVE_COMPILATION_CONDITIONS = DEBUG;
				SWIFT_OPTIMIZATION_LEVEL = "-Onone";
			};
			name = Debug;
		};
		359758D1202045D800EF46F6 /* Release */ = {
			isa = XCBuildConfiguration;
			buildSettings = {
				ALWAYS_SEARCH_USER_PATHS = NO;
				CLANG_ANALYZER_NONNULL = YES;
				CLANG_ANALYZER_NUMBER_OBJECT_CONVERSION = YES_AGGRESSIVE;
				CLANG_CXX_LANGUAGE_STANDARD = "gnu++0x";
				CLANG_CXX_LIBRARY = "libc++";
				CLANG_ENABLE_MODULES = YES;
				CLANG_ENABLE_OBJC_ARC = YES;
				CLANG_WARN_BLOCK_CAPTURE_AUTORELEASING = YES;
				CLANG_WARN_BOOL_CONVERSION = YES;
				CLANG_WARN_COMMA = YES;
				CLANG_WARN_CONSTANT_CONVERSION = YES;
				CLANG_WARN_DIRECT_OBJC_ISA_USAGE = YES_ERROR;
				CLANG_WARN_DOCUMENTATION_COMMENTS = YES;
				CLANG_WARN_EMPTY_BODY = YES;
				CLANG_WARN_ENUM_CONVERSION = YES;
				CLANG_WARN_INFINITE_RECURSION = YES;
				CLANG_WARN_INT_CONVERSION = YES;
				CLANG_WARN_NON_LITERAL_NULL_CONVERSION = YES;
				CLANG_WARN_OBJC_LITERAL_CONVERSION = YES;
				CLANG_WARN_OBJC_ROOT_CLASS = YES_ERROR;
				CLANG_WARN_RANGE_LOOP_ANALYSIS = YES;
				CLANG_WARN_STRICT_PROTOTYPES = YES;
				CLANG_WARN_SUSPICIOUS_MOVE = YES;
				CLANG_WARN_UNREACHABLE_CODE = YES;
				CLANG_WARN__DUPLICATE_METHOD_MATCH = YES;
				"CODE_SIGN_IDENTITY[sdk=iphoneos*]" = "iPhone Developer";
				COPY_PHASE_STRIP = NO;
				DEBUG_INFORMATION_FORMAT = "dwarf-with-dsym";
				ENABLE_NS_ASSERTIONS = NO;
				ENABLE_STRICT_OBJC_MSGSEND = YES;
				GCC_C_LANGUAGE_STANDARD = gnu99;
				GCC_NO_COMMON_BLOCKS = YES;
				GCC_WARN_64_TO_32_BIT_CONVERSION = YES;
				GCC_WARN_ABOUT_RETURN_TYPE = YES_ERROR;
				GCC_WARN_UNDECLARED_SELECTOR = YES;
				GCC_WARN_UNINITIALIZED_AUTOS = YES_AGGRESSIVE;
				GCC_WARN_UNUSED_FUNCTION = YES;
				GCC_WARN_UNUSED_VARIABLE = YES;
				IPHONEOS_DEPLOYMENT_TARGET = 10.3;
				MTL_ENABLE_DEBUG_INFO = NO;
				SDKROOT = iphoneos;
				SWIFT_OPTIMIZATION_LEVEL = "-Owholemodule";
				VALIDATE_PRODUCT = YES;
			};
			name = Release;
		};
		359758D3202045D800EF46F6 /* Debug */ = {
			isa = XCBuildConfiguration;
			baseConfigurationReference = 12F00D524FB728DF9387A8CC /* Pods-PropertyAnalyze.com.debug.xcconfig */;
			buildSettings = {
				DEVELOPMENT_TEAM = 676ZG8L9VU;
				GCC_OPTIMIZATION_LEVEL = s;
				INFOPLIST_FILE = "$(SRCROOT)/Info.plist";
				LD_RUNPATH_SEARCH_PATHS = "$(inherited) @executable_path/Frameworks";
				OTHER_SWIFT_FLAGS = "-Xfrontend -warn-long-function-bodies=300 -Xfrontend -warn-long-expression-type-checking=300 -Onone";
				PRODUCT_BUNDLE_IDENTIFIER = com.propertyAnalyze.ios;
				PRODUCT_NAME = "$(TARGET_NAME)";
				SWIFT_VERSION = 3.0;
			};
			name = Debug;
		};
		359758D4202045D800EF46F6 /* Release */ = {
			isa = XCBuildConfiguration;
			baseConfigurationReference = A4FED2D6219A5153EAC69C04 /* Pods-PropertyAnalyze.com.release.xcconfig */;
			buildSettings = {
				DEVELOPMENT_TEAM = 676ZG8L9VU;
				INFOPLIST_FILE = "$(SRCROOT)/Info.plist";
				LD_RUNPATH_SEARCH_PATHS = "$(inherited) @executable_path/Frameworks";
				OTHER_SWIFT_FLAGS = "-Xfrontend -warn-long-function-bodies=300 -Xfrontend -warn-long-expression-type-checking=300 -Onone";
				PRODUCT_BUNDLE_IDENTIFIER = com.propertyAnalyze.ios;
				PRODUCT_NAME = "$(TARGET_NAME)";
				SWIFT_VERSION = 3.0;
			};
			name = Release;
		};
		359758D6202045D800EF46F6 /* Debug */ = {
			isa = XCBuildConfiguration;
			baseConfigurationReference = AC14BE135028C22FD98B15BC /* Pods-PropertyAnalyze.comTests.debug.xcconfig */;
			buildSettings = {
				ALWAYS_EMBED_SWIFT_STANDARD_LIBRARIES = YES;
				BUNDLE_LOADER = "$(TEST_HOST)";
				INFOPLIST_FILE = PropertyAnalyze.comTests/Info.plist;
				LD_RUNPATH_SEARCH_PATHS = "$(inherited) @executable_path/Frameworks @loader_path/Frameworks";
				PRODUCT_BUNDLE_IDENTIFIER = "propertyAnalyze.PropertyAnalyze-comTests";
				PRODUCT_NAME = "$(TARGET_NAME)";
				SWIFT_VERSION = 3.0;
				TEST_HOST = "$(BUILT_PRODUCTS_DIR)/PropertyAnalyze.com.app/PropertyAnalyze.com";
			};
			name = Debug;
		};
		359758D7202045D800EF46F6 /* Release */ = {
			isa = XCBuildConfiguration;
			baseConfigurationReference = 54BBBE2EA0352344C5B37BCE /* Pods-PropertyAnalyze.comTests.release.xcconfig */;
			buildSettings = {
				ALWAYS_EMBED_SWIFT_STANDARD_LIBRARIES = YES;
				BUNDLE_LOADER = "$(TEST_HOST)";
				INFOPLIST_FILE = PropertyAnalyze.comTests/Info.plist;
				LD_RUNPATH_SEARCH_PATHS = "$(inherited) @executable_path/Frameworks @loader_path/Frameworks";
				PRODUCT_BUNDLE_IDENTIFIER = "propertyAnalyze.PropertyAnalyze-comTests";
				PRODUCT_NAME = "$(TARGET_NAME)";
				SWIFT_VERSION = 3.0;
				TEST_HOST = "$(BUILT_PRODUCTS_DIR)/PropertyAnalyze.com.app/PropertyAnalyze.com";
			};
			name = Release;
		};
		359758D9202045D800EF46F6 /* Debug */ = {
			isa = XCBuildConfiguration;
			baseConfigurationReference = 1B97DD37CCE8D75FCF01C204 /* Pods-PropertyAnalyze.comUITests.debug.xcconfig */;
			buildSettings = {
				ALWAYS_EMBED_SWIFT_STANDARD_LIBRARIES = YES;
				INFOPLIST_FILE = PropertyAnalyze.comUITests/Info.plist;
				LD_RUNPATH_SEARCH_PATHS = "$(inherited) @executable_path/Frameworks @loader_path/Frameworks";
				PRODUCT_BUNDLE_IDENTIFIER = "propertyAnalyze.PropertyAnalyze-comUITests";
				PRODUCT_NAME = "$(TARGET_NAME)";
				SWIFT_VERSION = 3.0;
				TEST_TARGET_NAME = PropertyAnalyze.com;
			};
			name = Debug;
		};
		359758DA202045D800EF46F6 /* Release */ = {
			isa = XCBuildConfiguration;
			baseConfigurationReference = FBA2B3FD0A6D136E57290B1B /* Pods-PropertyAnalyze.comUITests.release.xcconfig */;
			buildSettings = {
				ALWAYS_EMBED_SWIFT_STANDARD_LIBRARIES = YES;
				INFOPLIST_FILE = PropertyAnalyze.comUITests/Info.plist;
				LD_RUNPATH_SEARCH_PATHS = "$(inherited) @executable_path/Frameworks @loader_path/Frameworks";
				PRODUCT_BUNDLE_IDENTIFIER = "propertyAnalyze.PropertyAnalyze-comUITests";
				PRODUCT_NAME = "$(TARGET_NAME)";
				SWIFT_VERSION = 3.0;
				TEST_TARGET_NAME = PropertyAnalyze.com;
			};
			name = Release;
		};
/* End XCBuildConfiguration section */

/* Begin XCConfigurationList section */
		359758A5202045D800EF46F6 /* Build configuration list for PBXProject "PropertyAnalyze.com" */ = {
			isa = XCConfigurationList;
			buildConfigurations = (
				359758D0202045D800EF46F6 /* Debug */,
				359758D1202045D800EF46F6 /* Release */,
			);
			defaultConfigurationIsVisible = 0;
			defaultConfigurationName = Release;
		};
		359758D2202045D800EF46F6 /* Build configuration list for PBXNativeTarget "PropertyAnalyze.com" */ = {
			isa = XCConfigurationList;
			buildConfigurations = (
				359758D3202045D800EF46F6 /* Debug */,
				359758D4202045D800EF46F6 /* Release */,
			);
			defaultConfigurationIsVisible = 0;
			defaultConfigurationName = Release;
		};
		359758D5202045D800EF46F6 /* Build configuration list for PBXNativeTarget "PropertyAnalyze.comTests" */ = {
			isa = XCConfigurationList;
			buildConfigurations = (
				359758D6202045D800EF46F6 /* Debug */,
				359758D7202045D800EF46F6 /* Release */,
			);
			defaultConfigurationIsVisible = 0;
			defaultConfigurationName = Release;
		};
		359758D8202045D800EF46F6 /* Build configuration list for PBXNativeTarget "PropertyAnalyze.comUITests" */ = {
			isa = XCConfigurationList;
			buildConfigurations = (
				359758D9202045D800EF46F6 /* Debug */,
				359758DA202045D800EF46F6 /* Release */,
			);
			defaultConfigurationIsVisible = 0;
			defaultConfigurationName = Release;
		};
/* End XCConfigurationList section */
	};
	rootObject = 359758A2202045D800EF46F6 /* Project object */;
}
